
Microsoft Visual Studio Solution File, Format Version 12.00
# Visual Studio 14
VisualStudioVersion = 14.0.24720.0
MinimumVisualStudioVersion = 10.0.40219.1
Project("{FAE04EC0-301F-11D3-BF4B-00C04F79EFBC}") = "ListPostRepro.WinForm", "ListPostRepro.WinForm\ListPostRepro.WinForm.csproj", "{89FCF5B8-55BF-4C38-A47C-1A81E52309D2}"
EndProject
Project("{FAE04EC0-301F-11D3-BF4B-00C04F79EFBC}") = "ListPostRepro.ODataService", "ListPostRepro.ODataService\ListPostRepro.ODataService.csproj", "{2C7E3390-65A6-4A03-9B43-96B3D63578FC}"
EndProject
Global
	GlobalSection(SolutionConfigurationPlatforms) = preSolution
		Debug|Any CPU = Debug|Any CPU
		Release|Any CPU = Release|Any CPU
	EndGlobalSection
	GlobalSection(ProjectConfigurationPlatforms) = postSolution
		{89FCF5B8-55BF-4C38-A47C-1A81E52309D2}.Debug|Any CPU.ActiveCfg = Debug|Any CPU
		{89FCF5B8-55BF-4C38-A47C-1A81E52309D2}.Debug|Any CPU.Build.0 = Debug|Any CPU
		{89FCF5B8-55BF-4C38-A47C-1A81E52309D2}.Release|Any CPU.ActiveCfg = Release|Any CPU
		{89FCF5B8-55BF-4C38-A47C-1A81E52309D2}.Release|Any CPU.Build.0 = Release|Any CPU
		{2C7E3390-65A6-4A03-9B43-96B3D63578FC}.Debug|Any CPU.ActiveCfg = Debug|Any CPU
		{2C7E3390-65A6-4A03-9B43-96B3D63578FC}.Debug|Any CPU.Build.0 = Debug|Any CPU
		{2C7E3390-65A6-4A03-9B43-96B3D63578FC}.Release|Any CPU.ActiveCfg = Release|Any CPU
		{2C7E3390-65A6-4A03-9B43-96B3D63578FC}.Release|Any CPU.Build.0 = Release|Any CPU
	EndGlobalSection
	GlobalSection(SolutionProperties) = preSolution
		HideSolutionNode = FALSE
	EndGlobalSection
EndGlobal
